
Microsoft Visual Studio Solution File, Format Version 12.00
# Visual Studio Version 17
VisualStudioVersion = 17.7.34221.43
MinimumVisualStudioVersion = 10.0.40219.1
Project("{C9674DCB-5085-4A16-B785-4C70DD1589BD}") = "insertion_pro_master", "insertion_pro_master\insertion_pro_master.dtproj", "{1182DAAB-2E40-40A4-9D79-7478D5AAC99E}"
EndProject
Global
	GlobalSection(SolutionConfigurationPlatforms) = preSolution
		Development|Default = Development|Default
	EndGlobalSection
	GlobalSection(ProjectConfigurationPlatforms) = postSolution
		{1182DAAB-2E40-40A4-9D79-7478D5AAC99E}.Development|Default.ActiveCfg = Development
		{1182DAAB-2E40-40A4-9D79-7478D5AAC99E}.Development|Default.Build.0 = Development
	EndGlobalSection
	GlobalSection(SolutionProperties) = preSolution
		HideSolutionNode = FALSE
	EndGlobalSection
	GlobalSection(ExtensibilityGlobals) = postSolution
		SolutionGuid = {2FEADC60-8B6B-4374-9461-9D8FA3680C51}
	EndGlobalSection
EndGlobal
